
Microsoft Visual Studio Solution File, Format Version 12.00
# Visual Studio Version 17
VisualStudioVersion = 17.0.31903.59
MinimumVisualStudioVersion = 10.0.40219.1
Project("{FAE04EC0-301F-11D3-BF4B-00C04F79EFBC}") = "BugPro", "BugPro\BugPro.csproj", "{725F81BD-A574-430E-8DA8-FC0339DDA41F}"
EndProject
Project("{FAE04EC0-301F-11D3-BF4B-00C04F79EFBC}") = "BugTests", "BugTests\BugTests.csproj", "{7A8CCECB-763D-4D9D-8473-7546B15AAD79}"
EndProject
Global
	GlobalSection(SolutionConfigurationPlatforms) = preSolution
		Debug|Any CPU = Debug|Any CPU
		Debug|x64 = Debug|x64
		Debug|x86 = Debug|x86
		Release|Any CPU = Release|Any CPU
		Release|x64 = Release|x64
		Release|x86 = Release|x86
	EndGlobalSection
	GlobalSection(ProjectConfigurationPlatforms) = postSolution
		{725F81BD-A574-430E-8DA8-FC0339DDA41F}.Debug|Any CPU.ActiveCfg = Debug|Any CPU
		{725F81BD-A574-430E-8DA8-FC0339DDA41F}.Debug|Any CPU.Build.0 = Debug|Any CPU
		{725F81BD-A574-430E-8DA8-FC0339DDA41F}.Debug|x64.ActiveCfg = Debug|Any CPU
		{725F81BD-A574-430E-8DA8-FC0339DDA41F}.Debug|x64.Build.0 = Debug|Any CPU
		{725F81BD-A574-430E-8DA8-FC0339DDA41F}.Debug|x86.ActiveCfg = Debug|Any CPU
		{725F81BD-A574-430E-8DA8-FC0339DDA41F}.Debug|x86.Build.0 = Debug|Any CPU
		{725F81BD-A574-430E-8DA8-FC0339DDA41F}.Release|Any CPU.ActiveCfg = Release|Any CPU
		{725F81BD-A574-430E-8DA8-FC0339DDA41F}.Release|Any CPU.Build.0 = Release|Any CPU
		{725F81BD-A574-430E-8DA8-FC0339DDA41F}.Release|x64.ActiveCfg = Release|Any CPU
		{725F81BD-A574-430E-8DA8-FC0339DDA41F}.Release|x64.Build.0 = Release|Any CPU
		{725F81BD-A574-430E-8DA8-FC0339DDA41F}.Release|x86.ActiveCfg = Release|Any CPU
		{725F81BD-A574-430E-8DA8-FC0339DDA41F}.Release|x86.Build.0 = Release|Any CPU
		{7A8CCECB-763D-4D9D-8473-7546B15AAD79}.Debug|Any CPU.ActiveCfg = Debug|Any CPU
		{7A8CCECB-763D-4D9D-8473-7546B15AAD79}.Debug|Any CPU.Build.0 = Debug|Any CPU
		{7A8CCECB-763D-4D9D-8473-7546B15AAD79}.Debug|x64.ActiveCfg = Debug|Any CPU
		{7A8CCECB-763D-4D9D-8473-7546B15AAD79}.Debug|x64.Build.0 = Debug|Any CPU
		{7A8CCECB-763D-4D9D-8473-7546B15AAD79}.Debug|x86.ActiveCfg = Debug|Any CPU
		{7A8CCECB-763D-4D9D-8473-7546B15AAD79}.Debug|x86.Build.0 = Debug|Any CPU
		{7A8CCECB-763D-4D9D-8473-7546B15AAD79}.Release|Any CPU.ActiveCfg = Release|Any CPU
		{7A8CCECB-763D-4D9D-8473-7546B15AAD79}.Release|Any CPU.Build.0 = Release|Any CPU
		{7A8CCECB-763D-4D9D-8473-7546B15AAD79}.Release|x64.ActiveCfg = Release|Any CPU
		{7A8CCECB-763D-4D9D-8473-7546B15AAD79}.Release|x64.Build.0 = Release|Any CPU
		{7A8CCECB-763D-4D9D-8473-7546B15AAD79}.Release|x86.ActiveCfg = Release|Any CPU
		{7A8CCECB-763D-4D9D-8473-7546B15AAD79}.Release|x86.Build.0 = Release|Any CPU
	EndGlobalSection
	GlobalSection(SolutionProperties) = preSolution
		HideSolutionNode = FALSE
	EndGlobalSection
EndGlobal
